{
	"name": "hw1",
	"version": "1.0.0",
	"lockfileVersion": 3,
	"requires": true,
	"packages": {
		"": {
			"name": "hw1",
			"version": "1.0.0",
			"license": "ISC",
			"dependencies": {
				"dotenv": "^17.2.2",
				"nodejs-polars": "^0.21.2",
				"yahoo-finance2": "^2.13.3"
			},
			"devDependencies": {
				"@types/node": "^24.3.3"
			}
		},
		"node_modules/@sinclair/typebox": {
			"version": "0.32.35",
			"resolved": "https://registry.npmjs.org/@sinclair/typebox/-/typebox-0.32.35.tgz",
			"integrity": "sha512-Ul3YyOTU++to8cgNkttakC0dWvpERr6RYoHO2W47DLbFvrwBDJUY31B1sImH6JZSYc4Kt4PyHtoPNu+vL2r2dA==",
			"license": "MIT"
		},
		"node_modules/@types/node": {
			"version": "24.3.3",
			"resolved": "https://registry.npmjs.org/@types/node/-/node-24.3.3.tgz",
			"integrity": "sha512-GKBNHjoNw3Kra1Qg5UXttsY5kiWMEfoHq2TmXb+b1rcm6N7B3wTrFYIf/oSZ1xNQ+hVVijgLkiDZh7jRRsh+Gw==",
			"dev": true,
			"license": "MIT",
			"dependencies": {
				"undici-types": "~7.10.0"
			}
		},
		"node_modules/@types/tough-cookie": {
			"version": "4.0.5",
			"resolved": "https://registry.npmjs.org/@types/tough-cookie/-/tough-cookie-4.0.5.tgz",
			"integrity": "sha512-/Ad8+nIOV7Rl++6f1BdKxFSMgmoqEoYbHRpPcx3JEfv8VRsQe9Z4mCXeJBzxs7mbHY/XOZZuXlRNfhpVPbs6ZA==",
			"license": "MIT"
		},
		"node_modules/dotenv": {
			"version": "17.2.2",
			"resolved": "https://registry.npmjs.org/dotenv/-/dotenv-17.2.2.tgz",
			"integrity": "sha512-Sf2LSQP+bOlhKWWyhFsn0UsfdK/kCWRv1iuA2gXAwt3dyNabr6QSj00I2V10pidqz69soatm9ZwZvpQMTIOd5Q==",
			"license": "BSD-2-Clause",
			"engines": {
				"node": ">=12"
			},
			"funding": {
				"url": "https://dotenvx.com"
			}
		},
		"node_modules/nodejs-polars": {
			"version": "0.21.2",
			"resolved": "https://registry.npmjs.org/nodejs-polars/-/nodejs-polars-0.21.2.tgz",
			"integrity": "sha512-nQhNI1x85p7ctb786QdoK8zgovnGOokGb91BHcJZr0WlTexI4sEr+eG24r/4id9d9e6dE3y/FJR7YmWBso8XhA==",
			"license": "MIT",
			"workspaces": [
				"benches"
			],
			"engines": {
				"node": ">= 20"
			},
			"optionalDependencies": {
				"nodejs-polars-android-arm64": "0.21.2",
				"nodejs-polars-darwin-arm64": "0.21.2",
				"nodejs-polars-darwin-x64": "0.21.2",
				"nodejs-polars-linux-arm64-gnu": "0.21.2",
				"nodejs-polars-linux-arm64-musl": "0.21.2",
				"nodejs-polars-linux-x64-gnu": "0.21.2",
				"nodejs-polars-linux-x64-musl": "0.21.2",
				"nodejs-polars-win32-x64-msvc": "0.21.2"
			}
		},
		"node_modules/nodejs-polars-android-arm64": {
			"version": "0.21.2",
			"resolved": "https://registry.npmjs.org/nodejs-polars-android-arm64/-/nodejs-polars-android-arm64-0.21.2.tgz",
			"integrity": "sha512-LUavVQS6kIywk8Jdr8IS+9KbPAI+dxC86v4/7n/FRbZgivzJzIct3NxXJJHlry84OoBChA8RZ4+30YedfY3Axg==",
			"cpu": [
				"arm64"
			],
			"license": "SEE LICENSE IN LICENSE",
			"optional": true,
			"os": [
				"android"
			],
			"engines": {
				"node": ">= 16"
			}
		},
		"node_modules/nodejs-polars-darwin-arm64": {
			"version": "0.21.2",
			"resolved": "https://registry.npmjs.org/nodejs-polars-darwin-arm64/-/nodejs-polars-darwin-arm64-0.21.2.tgz",
			"integrity": "sha512-KTelkb8bEQWm/g56sC6oEBLsWHQRdZZHWRxkUNlZpe+EVMPxrbBc2S5/6v+Vu2gpXjC5tJkg1FIzH7v/ovDr/g==",
			"cpu": [
				"arm64"
			],
			"license": "SEE LICENSE IN LICENSE",
			"optional": true,
			"os": [
				"darwin"
			],
			"engines": {
				"node": ">= 16"
			}
		},
		"node_modules/nodejs-polars-darwin-x64": {
			"version": "0.21.2",
			"resolved": "https://registry.npmjs.org/nodejs-polars-darwin-x64/-/nodejs-polars-darwin-x64-0.21.2.tgz",
			"integrity": "sha512-a+5XNj077t43UAHMVrxcwJfbipSJNljkUXjYoRWh1xTQInA2oo98E72oeeJOTmpK0sohr3Y05qIZuFhit3wc/g==",
			"cpu": [
				"x64"
			],
			"license": "SEE LICENSE IN LICENSE",
			"optional": true,
			"os": [
				"darwin"
			],
			"engines": {
				"node": ">= 16"
			}
		},
		"node_modules/nodejs-polars-linux-arm64-gnu": {
			"version": "0.21.2",
			"resolved": "https://registry.npmjs.org/nodejs-polars-linux-arm64-gnu/-/nodejs-polars-linux-arm64-gnu-0.21.2.tgz",
			"integrity": "sha512-7oBtaFQ0JhryXCG7YPazBxhubtxbqKjgKx+hmv9qp+3s2vYtp2TI+hlfoYa1xrFuKDpqvCQwuFWHTN5fZwH+9A==",
			"cpu": [
				"arm64"
			],
			"license": "SEE LICENSE IN LICENSE",
			"optional": true,
			"os": [
				"linux"
			],
			"engines": {
				"node": ">= 16"
			}
		},
		"node_modules/nodejs-polars-linux-arm64-musl": {
			"version": "0.21.2",
			"resolved": "https://registry.npmjs.org/nodejs-polars-linux-arm64-musl/-/nodejs-polars-linux-arm64-musl-0.21.2.tgz",
			"integrity": "sha512-FU26Hj8B2/hNxTiWADoWLlGNDnNyqaDMUOhGTknXZKZM6XL4tok+Nca9AwiSuIUNR7ga27JgmZZ0AlDOWnOYXQ==",
			"cpu": [
				"arm64"
			],
			"license": "SEE LICENSE IN LICENSE",
			"optional": true,
			"os": [
				"linux"
			],
			"engines": {
				"node": ">= 16"
			}
		},
		"node_modules/nodejs-polars-linux-x64-gnu": {
			"version": "0.21.2",
			"resolved": "https://registry.npmjs.org/nodejs-polars-linux-x64-gnu/-/nodejs-polars-linux-x64-gnu-0.21.2.tgz",
			"integrity": "sha512-tjhF1useVeDHeWCl7BB4GQ8AT1ykIBCO4BRBhMdQzKhs53MfXv452eCsApOcV35SabZoTGidFnkKep9DIDCWLg==",
			"cpu": [
				"x64"
			],
			"license": "SEE LICENSE IN LICENSE",
			"optional": true,
			"os": [
				"linux"
			],
			"engines": {
				"node": ">= 16"
			}
		},
		"node_modules/nodejs-polars-linux-x64-musl": {
			"version": "0.21.2",
			"resolved": "https://registry.npmjs.org/nodejs-polars-linux-x64-musl/-/nodejs-polars-linux-x64-musl-0.21.2.tgz",
			"integrity": "sha512-U8WyZW1QKKEl4KO4gHKYHdjz7lgBbhxNmr1RRzA08nzynMa5Th5e9+OQd0AkK/YC5OA2GDiEhXLY0PF3j6qe1Q==",
			"cpu": [
				"x64"
			],
			"license": "SEE LICENSE IN LICENSE",
			"optional": true,
			"os": [
				"linux"
			],
			"engines": {
				"node": ">= 16"
			}
		},
		"node_modules/nodejs-polars-win32-x64-msvc": {
			"version": "0.21.2",
			"resolved": "https://registry.npmjs.org/nodejs-polars-win32-x64-msvc/-/nodejs-polars-win32-x64-msvc-0.21.2.tgz",
			"integrity": "sha512-KX8fNcCGagBcXi5aKhus6gNL6lRo+HpPAqF8+0Qrz7Kc+TXwX2hvFFZ/JPPMjEduH/GO70iwksqBLi2ackVHJw==",
			"cpu": [
				"x64"
			],
			"license": "SEE LICENSE IN LICENSE",
			"optional": true,
			"os": [
				"win32"
			],
			"engines": {
				"node": ">= 16"
			}
		},
		"node_modules/psl": {
			"version": "1.15.0",
			"resolved": "https://registry.npmjs.org/psl/-/psl-1.15.0.tgz",
			"integrity": "sha512-JZd3gMVBAVQkSs6HdNZo9Sdo0LNcQeMNP3CozBJb3JYC/QUYZTnKxP+f8oWRX4rHP5EurWxqAHTSwUCjlNKa1w==",
			"license": "MIT",
			"dependencies": {
				"punycode": "^2.3.1"
			},
			"funding": {
				"url": "https://github.com/sponsors/lupomontero"
			}
		},
		"node_modules/punycode": {
			"version": "2.3.1",
			"resolved": "https://registry.npmjs.org/punycode/-/punycode-2.3.1.tgz",
			"integrity": "sha512-vYt7UD1U9Wg6138shLtLOvdAu+8DsC/ilFtEVHcH+wydcSpNE20AfSOduf6MkRFahL5FY7X1oU7nKVZFtfq8Fg==",
			"license": "MIT",
			"engines": {
				"node": ">=6"
			}
		},
		"node_modules/querystringify": {
			"version": "2.2.0",
			"resolved": "https://registry.npmjs.org/querystringify/-/querystringify-2.2.0.tgz",
			"integrity": "sha512-FIqgj2EUvTa7R50u0rGsyTftzjYmv/a3hO345bZNrqabNqjtgiDMgmo4mkUjd+nzU5oF3dClKqFIPUKybUyqoQ==",
			"license": "MIT"
		},
		"node_modules/requires-port": {
			"version": "1.0.0",
			"resolved": "https://registry.npmjs.org/requires-port/-/requires-port-1.0.0.tgz",
			"integrity": "sha512-KigOCHcocU3XODJxsu8i/j8T9tzT4adHiecwORRQ0ZZFcp7ahwXuRU1m+yuO90C5ZUyGeGfocHDI14M3L3yDAQ==",
			"license": "MIT"
		},
		"node_modules/tough-cookie": {
			"version": "4.1.4",
			"resolved": "https://registry.npmjs.org/tough-cookie/-/tough-cookie-4.1.4.tgz",
			"integrity": "sha512-Loo5UUvLD9ScZ6jh8beX1T6sO1w2/MpCRpEP7V280GKMVUQ0Jzar2U3UJPsrdbziLEMMhu3Ujnq//rhiFuIeag==",
			"license": "BSD-3-Clause",
			"dependencies": {
				"psl": "^1.1.33",
				"punycode": "^2.1.1",
				"universalify": "^0.2.0",
				"url-parse": "^1.5.3"
			},
			"engines": {
				"node": ">=6"
			}
		},
		"node_modules/tough-cookie-file-store": {
			"version": "2.0.3",
			"resolved": "https://registry.npmjs.org/tough-cookie-file-store/-/tough-cookie-file-store-2.0.3.tgz",
			"integrity": "sha512-sMpZVcmFf6EYFHFFl+SYH4W1/OnXBYMGDsv2IlbQ2caHyFElW/UR/gpj/KYU1JwmP4dE9xqwv2+vWcmlXHojSw==",
			"license": "MIT",
			"dependencies": {
				"tough-cookie": "^4.0.0"
			},
			"engines": {
				"node": ">=6"
			}
		},
		"node_modules/undici-types": {
			"version": "7.10.0",
			"resolved": "https://registry.npmjs.org/undici-types/-/undici-types-7.10.0.tgz",
			"integrity": "sha512-t5Fy/nfn+14LuOc2KNYg75vZqClpAiqscVvMygNnlsHBFpSXdJaYtXMcdNLpl/Qvc3P2cB3s6lOV51nqsFq4ag==",
			"dev": true,
			"license": "MIT"
		},
		"node_modules/universalify": {
			"version": "0.2.0",
			"resolved": "https://registry.npmjs.org/universalify/-/universalify-0.2.0.tgz",
			"integrity": "sha512-CJ1QgKmNg3CwvAv/kOFmtnEN05f0D/cn9QntgNOQlQF9dgvVTHj3t+8JPdjqawCHk7V/KA+fbUqzZ9XWhcqPUg==",
			"license": "MIT",
			"engines": {
				"node": ">= 4.0.0"
			}
		},
		"node_modules/url-parse": {
			"version": "1.5.10",
			"resolved": "https://registry.npmjs.org/url-parse/-/url-parse-1.5.10.tgz",
			"integrity": "sha512-WypcfiRhfeUP9vvF0j6rw0J3hrWrw6iZv3+22h6iRMJ/8z1Tj6XfLP4DsUix5MhMPnXpiHDoKyoZ/bdCkwBCiQ==",
			"license": "MIT",
			"dependencies": {
				"querystringify": "^2.1.1",
				"requires-port": "^1.0.0"
			}
		},
		"node_modules/yahoo-finance2": {
			"version": "2.13.3",
			"resolved": "https://registry.npmjs.org/yahoo-finance2/-/yahoo-finance2-2.13.3.tgz",
			"integrity": "sha512-ZECy6wQ7ymT08nVrxqQf+gwmINJ4/ECLyq+vM3SQmH3HWzje5DX1WX5YcZpWpWi4KXdmo2Vuk9OAdrTP09nE4g==",
			"license": "MIT",
			"dependencies": {
				"@sinclair/typebox": "^0.32.27",
				"@types/tough-cookie": "^4.0.2",
				"tough-cookie": "^4.1.2",
				"tough-cookie-file-store": "^2.0.3"
			},
			"bin": {
				"yahoo-finance": "bin/yahoo-finance.js"
			},
			"engines": {
				"node": ">=18.0.0"
			}
		}
	}
}
